
Microsoft Visual Studio Solution File, Format Version 12.00
# Visual Studio 15
VisualStudioVersion = 15.0.28307.852
MinimumVisualStudioVersion = 10.0.40219.1
Project("{FAE04EC0-301F-11D3-BF4B-00C04F79EFBC}") = "Tes App", "Tes App\Tes App.csproj", "{8A235C50-97F5-4C17-9EA4-00934E48A72F}"
EndProject
Global
	GlobalSection(SolutionConfigurationPlatforms) = preSolution
		Debug|Any CPU = Debug|Any CPU
		Debug|x64 = Debug|x64
		Release|Any CPU = Release|Any CPU
		Release|x64 = Release|x64
	EndGlobalSection
	GlobalSection(ProjectConfigurationPlatforms) = postSolution
		{8A235C50-97F5-4C17-9EA4-00934E48A72F}.Debug|Any CPU.ActiveCfg = Debug|Any CPU
		{8A235C50-97F5-4C17-9EA4-00934E48A72F}.Debug|Any CPU.Build.0 = Debug|Any CPU
		{8A235C50-97F5-4C17-9EA4-00934E48A72F}.Debug|x64.ActiveCfg = Debug|x64
		{8A235C50-97F5-4C17-9EA4-00934E48A72F}.Debug|x64.Build.0 = Debug|x64
		{8A235C50-97F5-4C17-9EA4-00934E48A72F}.Release|Any CPU.ActiveCfg = Release|Any CPU
		{8A235C50-97F5-4C17-9EA4-00934E48A72F}.Release|Any CPU.Build.0 = Release|Any CPU
		{8A235C50-97F5-4C17-9EA4-00934E48A72F}.Release|x64.ActiveCfg = Release|x64
		{8A235C50-97F5-4C17-9EA4-00934E48A72F}.Release|x64.Build.0 = Release|x64
	EndGlobalSection
	GlobalSection(SolutionProperties) = preSolution
		HideSolutionNode = FALSE
	EndGlobalSection
	GlobalSection(ExtensibilityGlobals) = postSolution
		SolutionGuid = {F9A4494C-9E4A-48CD-8550-E39099355C50}
	EndGlobalSection
EndGlobal
